
Microsoft Visual Studio Solution File, Format Version 12.00
# Visual Studio Version 17
VisualStudioVersion = 17.6.33815.320
MinimumVisualStudioVersion = 10.0.40219.1
Project("{FAE04EC0-301F-11D3-BF4B-00C04F79EFBC}") = "movil_app", "movil_app\movil_app.csproj", "{AEA14617-96ED-4704-815C-A796C15BABF7}"
EndProject
Project("{FAE04EC0-301F-11D3-BF4B-00C04F79EFBC}") = "movil_api", "movil_api\movil_api.csproj", "{13BFD12E-C9DE-47B4-A185-3EF576804B40}"
EndProject
Global
	GlobalSection(SolutionConfigurationPlatforms) = preSolution
		Debug|Any CPU = Debug|Any CPU
		Release|Any CPU = Release|Any CPU
	EndGlobalSection
	GlobalSection(ProjectConfigurationPlatforms) = postSolution
		{AEA14617-96ED-4704-815C-A796C15BABF7}.Debug|Any CPU.ActiveCfg = Debug|Any CPU
		{AEA14617-96ED-4704-815C-A796C15BABF7}.Debug|Any CPU.Build.0 = Debug|Any CPU
		{AEA14617-96ED-4704-815C-A796C15BABF7}.Debug|Any CPU.Deploy.0 = Debug|Any CPU
		{AEA14617-96ED-4704-815C-A796C15BABF7}.Release|Any CPU.ActiveCfg = Release|Any CPU
		{AEA14617-96ED-4704-815C-A796C15BABF7}.Release|Any CPU.Build.0 = Release|Any CPU
		{AEA14617-96ED-4704-815C-A796C15BABF7}.Release|Any CPU.Deploy.0 = Release|Any CPU
		{13BFD12E-C9DE-47B4-A185-3EF576804B40}.Debug|Any CPU.ActiveCfg = Debug|Any CPU
		{13BFD12E-C9DE-47B4-A185-3EF576804B40}.Debug|Any CPU.Build.0 = Debug|Any CPU
		{13BFD12E-C9DE-47B4-A185-3EF576804B40}.Release|Any CPU.ActiveCfg = Release|Any CPU
		{13BFD12E-C9DE-47B4-A185-3EF576804B40}.Release|Any CPU.Build.0 = Release|Any CPU
	EndGlobalSection
	GlobalSection(SolutionProperties) = preSolution
		HideSolutionNode = FALSE
	EndGlobalSection
	GlobalSection(ExtensibilityGlobals) = postSolution
		SolutionGuid = {CBE5D1BA-2225-4A01-B982-89B6C4D2754C}
	EndGlobalSection
EndGlobal
